// !$*UTF8*$!
{
	archiveVersion = 1;
	classes = {
	};
	objectVersion = 46;
	objects = {

/* Begin PBXBuildFile section */
		0C5CA50C1BED4D4900F7800E /* libc++.tbd in Frameworks */ = {isa = PBXBuildFile; fileRef = 0C5CA50B1BED4D4900F7800E /* libc++.tbd */; };
		0C5CA50E1BED4D6400F7800E /* GoogleTests.mm in Sources */ = {isa = PBXBuildFile; fileRef = 0C5CA50D1BED4D6400F7800E /* GoogleTests.mm */; };
		0C5CA52E1BED4EDA00F7800E /* OpenGL.framework in Frameworks */ = {isa = PBXBuildFile; fileRef = 0C5CA52D1BED4EDA00F7800E /* OpenGL.framework */; };
		0C5CA5301BED4F7000F7800E /* IOKit.framework in Frameworks */ = {isa = PBXBuildFile; fileRef = 0C5CA52F1BED4F7000F7800E /* IOKit.framework */; };
		0C5CA5321BED4F8F00F7800E /* Cocoa.framework in Frameworks */ = {isa = PBXBuildFile; fileRef = 0C5CA5311BED4F8F00F7800E /* Cocoa.framework */; };
		0C5CA53B1BED511800F7800E /* ForceFeedback.framework in Frameworks */ = {isa = PBXBuildFile; fileRef = 0C5CA53A1BED511800F7800E /* ForceFeedback.framework */; };
		0C5CA53D1BED51D400F7800E /* Carbon.framework in Frameworks */ = {isa = PBXBuildFile; fileRef = 0C5CA53C1BED51D400F7800E /* Carbon.framework */; };
		0C5CA53E1BED529800F7800E /* AudioUnit.framework in Frameworks */ = {isa = PBXBuildFile; fileRef = 0C5CA5351BED503400F7800E /* AudioUnit.framework */; };
		0CBA33711C1F4FF40000D621 /* libc++.tbd in Frameworks */ = {isa = PBXBuildFile; fileRef = 0CBA33701C1F4FF40000D621 /* libc++.tbd */; };
		0CBA33721C1F4FF90000D621 /* libc++.tbd in Frameworks */ = {isa = PBXBuildFile; fileRef = 0CBA33701C1F4FF40000D621 /* libc++.tbd */; };
		0CBA33741C1F4FFF0000D621 /* libc++.tbd in Frameworks */ = {isa = PBXBuildFile; fileRef = 0CBA33731C1F4FFF0000D621 /* libc++.tbd */; };
		0CBA33751C1F50040000D621 /* libc++.tbd in Frameworks */ = {isa = PBXBuildFile; fileRef = 0CBA33731C1F4FFF0000D621 /* libc++.tbd */; };
		0CBA33771C1F50300000D621 /* main.m in Sources */ = {isa = PBXBuildFile; fileRef = 0CBA33761C1F50300000D621 /* main.m */; };
		0CBA33781C1F503F0000D621 /* main.m in Sources */ = {isa = PBXBuildFile; fileRef = 0CBA33761C1F50300000D621 /* main.m */; };
		0CBA33791C1F50510000D621 /* main.m in Sources */ = {isa = PBXBuildFile; fileRef = 0CBA33761C1F50300000D621 /* main.m */; };
		0CBA337A1C1F50AA0000D621 /* main.m in Sources */ = {isa = PBXBuildFile; fileRef = 0CBA33761C1F50300000D621 /* main.m */; };
		0CBA337B1C1F50B50000D621 /* GoogleTests.mm in Sources */ = {isa = PBXBuildFile; fileRef = 0C5CA50D1BED4D6400F7800E /* GoogleTests.mm */; };
		0CBA337C1C1F50C70000D621 /* GoogleTests.mm in Sources */ = {isa = PBXBuildFile; fileRef = 0C5CA50D1BED4D6400F7800E /* GoogleTests.mm */; };
		0CBA337D1C1F50CA0000D621 /* GoogleTests.mm in Sources */ = {isa = PBXBuildFile; fileRef = 0C5CA50D1BED4D6400F7800E /* GoogleTests.mm */; };
		0CBA337E1C1F50CE0000D621 /* GoogleTests.mm in Sources */ = {isa = PBXBuildFile; fileRef = 0C5CA50D1BED4D6400F7800E /* GoogleTests.mm */; };
		0CED10791CB8374300687D7A /* Montserrat-regular.fnt in Resources */ = {isa = PBXBuildFile; fileRef = 0CBA33871C1F51630000D621 /* Montserrat-regular.fnt */; };
		0CED107A1CB8374300687D7A /* Montserrat-regular.png in Resources */ = {isa = PBXBuildFile; fileRef = 0CBA33881C1F51630000D621 /* Montserrat-regular.png */; };
		0CED107B1CB8377800687D7A /* Montserrat-regular.fnt in Resources */ = {isa = PBXBuildFile; fileRef = 0CBA33871C1F51630000D621 /* Montserrat-regular.fnt */; };
		0CED107C1CB8377800687D7A /* Montserrat-regular.png in Resources */ = {isa = PBXBuildFile; fileRef = 0CBA33881C1F51630000D621 /* Montserrat-regular.png */; };
/* End PBXBuildFile section */

/* Begin PBXContainerItemProxy section */
		0CBA33411C1F4F610000D621 /* PBXContainerItemProxy */ = {
			isa = PBXContainerItemProxy;
			containerPortal = 52B8EF4E1B557FC800A0F1D5 /* Project object */;
			proxyType = 1;
			remoteGlobalIDString = 0CBA32D51C1F4F240000D621;
			remoteInfo = "okui-test-iphoneos-host";
		};
		0CBA334F1C1F4F6C0000D621 /* PBXContainerItemProxy */ = {
			isa = PBXContainerItemProxy;
			containerPortal = 52B8EF4E1B557FC800A0F1D5 /* Project object */;
			proxyType = 1;
			remoteGlobalIDString = 0CBA32F01C1F4F300000D621;
			remoteInfo = "okui-test-iphonesimulator-host";
		};
		0CBA335D1C1F4F790000D621 /* PBXContainerItemProxy */ = {
			isa = PBXContainerItemProxy;
			containerPortal = 52B8EF4E1B557FC800A0F1D5 /* Project object */;
			proxyType = 1;
			remoteGlobalIDString = 0CBA330B1C1F4F3E0000D621;
			remoteInfo = "okui-test-appletvos-host";
		};
		0CBA336B1C1F4F830000D621 /* PBXContainerItemProxy */ = {
			isa = PBXContainerItemProxy;
			containerPortal = 52B8EF4E1B557FC800A0F1D5 /* Project object */;
			proxyType = 1;
			remoteGlobalIDString = 0CBA33231C1F4F480000D621;
			remoteInfo = "okui-test-appletvsimulator-host";
		};
		0CBA337F1C1F50DB0000D621 /* PBXContainerItemProxy */ = {
			isa = PBXContainerItemProxy;
			containerPortal = 52B8EF4E1B557FC800A0F1D5 /* Project object */;
			proxyType = 1;
			remoteGlobalIDString = 0C5CA4B31BED4BC000F7800E;
			remoteInfo = "okui-tests-iphoneos";
		};
		0CBA33811C1F50DE0000D621 /* PBXContainerItemProxy */ = {
			isa = PBXContainerItemProxy;
			containerPortal = 52B8EF4E1B557FC800A0F1D5 /* Project object */;
			proxyType = 1;
			remoteGlobalIDString = 0C5CA4B71BED4BCA00F7800E;
			remoteInfo = "okui-tests-iphonesimulator";
		};
		0CBA33831C1F50E10000D621 /* PBXContainerItemProxy */ = {
			isa = PBXContainerItemProxy;
			containerPortal = 52B8EF4E1B557FC800A0F1D5 /* Project object */;
			proxyType = 1;
			remoteGlobalIDString = 0C5CA4BB1BED4BD300F7800E;
			remoteInfo = "okui-tests-appletvos";
		};
		0CBA33851C1F50E40000D621 /* PBXContainerItemProxy */ = {
			isa = PBXContainerItemProxy;
			containerPortal = 52B8EF4E1B557FC800A0F1D5 /* Project object */;
			proxyType = 1;
			remoteGlobalIDString = 0C5CA4BF1BED4BDB00F7800E;
			remoteInfo = "okui-tests-appletvsimulator";
		};
/* End PBXContainerItemProxy section */

/* Begin PBXFileReference section */
		0C2EAE101CB8148300A2A0EC /* tests.xcconfig */ = {isa = PBXFileReference; fileEncoding = 4; lastKnownFileType = text.xcconfig; name = tests.xcconfig; path = tests/tests.xcconfig; sourceTree = "<group>"; };
		0C5CA5031BED4D3B00F7800E /* okui-tests-osx-bundle.xctest */ = {isa = PBXFileReference; explicitFileType = wrapper.cfbundle; includeInIndex = 0; path = "okui-tests-osx-bundle.xctest"; sourceTree = BUILT_PRODUCTS_DIR; };
		0C5CA50B1BED4D4900F7800E /* libc++.tbd */ = {isa = PBXFileReference; lastKnownFileType = "sourcecode.text-based-dylib-definition"; name = "libc++.tbd"; path = "usr/lib/libc++.tbd"; sourceTree = SDKROOT; };
		0C5CA50D1BED4D6400F7800E /* GoogleTests.mm */ = {isa = PBXFileReference; lastKnownFileType = sourcecode.cpp.objcpp; name = GoogleTests.mm; path = "../scraps/dependencies/ci-tacklebox/gtest-xcode/GoogleTests.mm"; sourceTree = "<group>"; };
		0C5CA52D1BED4EDA00F7800E /* OpenGL.framework */ = {isa = PBXFileReference; lastKnownFileType = wrapper.framework; name = OpenGL.framework; path = System/Library/Frameworks/OpenGL.framework; sourceTree = SDKROOT; };
		0C5CA52F1BED4F7000F7800E /* IOKit.framework */ = {isa = PBXFileReference; lastKnownFileType = wrapper.framework; name = IOKit.framework; path = System/Library/Frameworks/IOKit.framework; sourceTree = SDKROOT; };
		0C5CA5311BED4F8F00F7800E /* Cocoa.framework */ = {isa = PBXFileReference; lastKnownFileType = wrapper.framework; name = Cocoa.framework; path = System/Library/Frameworks/Cocoa.framework; sourceTree = SDKROOT; };
		0C5CA5331BED502A00F7800E /* AudioToolbox.framework */ = {isa = PBXFileReference; lastKnownFileType = wrapper.framework; name = AudioToolbox.framework; path = System/Library/Frameworks/AudioToolbox.framework; sourceTree = SDKROOT; };
		0C5CA5351BED503400F7800E /* AudioUnit.framework */ = {isa = PBXFileReference; lastKnownFileType = wrapper.framework; name = AudioUnit.framework; path = System/Library/Frameworks/AudioUnit.framework; sourceTree = SDKROOT; };
		0C5CA5381BED504100F7800E /* CoreAudio.framework */ = {isa = PBXFileReference; lastKnownFileType = wrapper.framework; name = CoreAudio.framework; path = System/Library/Frameworks/CoreAudio.framework; sourceTree = SDKROOT; };
		0C5CA53A1BED511800F7800E /* ForceFeedback.framework */ = {isa = PBXFileReference; lastKnownFileType = wrapper.framework; name = ForceFeedback.framework; path = System/Library/Frameworks/ForceFeedback.framework; sourceTree = SDKROOT; };
		0C5CA53C1BED51D400F7800E /* Carbon.framework */ = {isa = PBXFileReference; lastKnownFileType = wrapper.framework; name = Carbon.framework; path = System/Library/Frameworks/Carbon.framework; sourceTree = SDKROOT; };
		0C5CA5411BED531E00F7800E /* libc++.tbd */ = {isa = PBXFileReference; lastKnownFileType = "sourcecode.text-based-dylib-definition"; name = "libc++.tbd"; path = "Platforms/iPhoneOS.platform/Developer/SDKs/iPhoneOS9.1.sdk/usr/lib/libc++.tbd"; sourceTree = DEVELOPER_DIR; };
		0C5CA5431BED532400F7800E /* libc++.tbd */ = {isa = PBXFileReference; lastKnownFileType = "sourcecode.text-based-dylib-definition"; name = "libc++.tbd"; path = "Platforms/AppleTVOS.platform/Developer/SDKs/AppleTVOS9.0.sdk/usr/lib/libc++.tbd"; sourceTree = DEVELOPER_DIR; };
		0C5CA5451BED535500F7800E /* AudioToolbox.framework */ = {isa = PBXFileReference; lastKnownFileType = wrapper.framework; name = AudioToolbox.framework; path = Platforms/iPhoneOS.platform/Developer/SDKs/iPhoneOS9.1.sdk/System/Library/Frameworks/AudioToolbox.framework; sourceTree = DEVELOPER_DIR; };
		0C5CA5471BED536800F7800E /* GameController.framework */ = {isa = PBXFileReference; lastKnownFileType = wrapper.framework; name = GameController.framework; path = Platforms/iPhoneOS.platform/Developer/SDKs/iPhoneOS9.1.sdk/System/Library/Frameworks/GameController.framework; sourceTree = DEVELOPER_DIR; };
		0C5CA5491BED537700F7800E /* CoreMedia.framework */ = {isa = PBXFileReference; lastKnownFileType = wrapper.framework; name = CoreMedia.framework; path = Platforms/iPhoneOS.platform/Developer/SDKs/iPhoneOS9.1.sdk/System/Library/Frameworks/CoreMedia.framework; sourceTree = DEVELOPER_DIR; };
		0C5CA54B1BED538E00F7800E /* CoreMotion.framework */ = {isa = PBXFileReference; lastKnownFileType = wrapper.framework; name = CoreMotion.framework; path = Platforms/iPhoneOS.platform/Developer/SDKs/iPhoneOS9.1.sdk/System/Library/Frameworks/CoreMotion.framework; sourceTree = DEVELOPER_DIR; };
		0C5CA54D1BED539E00F7800E /* OpenGLES.framework */ = {isa = PBXFileReference; lastKnownFileType = wrapper.framework; name = OpenGLES.framework; path = Platforms/iPhoneOS.platform/Developer/SDKs/iPhoneOS9.1.sdk/System/Library/Frameworks/OpenGLES.framework; sourceTree = DEVELOPER_DIR; };
		0C5CA5501BED53CB00F7800E /* UIKit.framework */ = {isa = PBXFileReference; lastKnownFileType = wrapper.framework; name = UIKit.framework; path = Platforms/iPhoneOS.platform/Developer/SDKs/iPhoneOS9.1.sdk/System/Library/Frameworks/UIKit.framework; sourceTree = DEVELOPER_DIR; };
		0C5CA5521BED546400F7800E /* AudioToolbox.framework */ = {isa = PBXFileReference; lastKnownFileType = wrapper.framework; name = AudioToolbox.framework; path = Platforms/AppleTVOS.platform/Developer/SDKs/AppleTVOS9.0.sdk/System/Library/Frameworks/AudioToolbox.framework; sourceTree = DEVELOPER_DIR; };
		0C5CA5541BED547300F7800E /* GameController.framework */ = {isa = PBXFileReference; lastKnownFileType = wrapper.framework; name = GameController.framework; path = Platforms/AppleTVOS.platform/Developer/SDKs/AppleTVOS9.0.sdk/System/Library/Frameworks/GameController.framework; sourceTree = DEVELOPER_DIR; };
		0C5CA5581BED549900F7800E /* OpenGLES.framework */ = {isa = PBXFileReference; lastKnownFileType = wrapper.framework; name = OpenGLES.framework; path = Platforms/AppleTVOS.platform/Developer/SDKs/AppleTVOS9.0.sdk/System/Library/Frameworks/OpenGLES.framework; sourceTree = DEVELOPER_DIR; };
		0C5CA55A1BED54A600F7800E /* UIKit.framework */ = {isa = PBXFileReference; lastKnownFileType = wrapper.framework; name = UIKit.framework; path = Platforms/AppleTVOS.platform/Developer/SDKs/AppleTVOS9.0.sdk/System/Library/Frameworks/UIKit.framework; sourceTree = DEVELOPER_DIR; };
		0CBA32D61C1F4F240000D621 /* okui-tests-iphoneos-host.app */ = {isa = PBXFileReference; explicitFileType = wrapper.application; includeInIndex = 0; path = "okui-tests-iphoneos-host.app"; sourceTree = BUILT_PRODUCTS_DIR; };
		0CBA32F11C1F4F300000D621 /* okui-tests-iphonesimulator-host.app */ = {isa = PBXFileReference; explicitFileType = wrapper.application; includeInIndex = 0; path = "okui-tests-iphonesimulator-host.app"; sourceTree = BUILT_PRODUCTS_DIR; };
		0CBA330C1C1F4F3E0000D621 /* okui-tests-appletvos-host.app */ = {isa = PBXFileReference; explicitFileType = wrapper.application; includeInIndex = 0; path = "okui-tests-appletvos-host.app"; sourceTree = BUILT_PRODUCTS_DIR; };
		0CBA33241C1F4F480000D621 /* okui-tests-appletvsimulator-host.app */ = {isa = PBXFileReference; explicitFileType = wrapper.application; includeInIndex = 0; path = "okui-tests-appletvsimulator-host.app"; sourceTree = BUILT_PRODUCTS_DIR; };
		0CBA333C1C1F4F610000D621 /* okui-tests-iphoneos-bundle.xctest */ = {isa = PBXFileReference; explicitFileType = wrapper.cfbundle; includeInIndex = 0; path = "okui-tests-iphoneos-bundle.xctest"; sourceTree = BUILT_PRODUCTS_DIR; };
		0CBA334A1C1F4F6C0000D621 /* okui-tests-iphonesimulator-bundle.xctest */ = {isa = PBXFileReference; explicitFileType = wrapper.cfbundle; includeInIndex = 0; path = "okui-tests-iphonesimulator-bundle.xctest"; sourceTree = BUILT_PRODUCTS_DIR; };
		0CBA33581C1F4F790000D621 /* okui-tests-appletvos-bundle.xctest */ = {isa = PBXFileReference; explicitFileType = wrapper.cfbundle; includeInIndex = 0; path = "okui-tests-appletvos-bundle.xctest"; sourceTree = BUILT_PRODUCTS_DIR; };
		0CBA33661C1F4F830000D621 /* okui-tests-appletvsimulator-bundle.xctest */ = {isa = PBXFileReference; explicitFileType = wrapper.cfbundle; includeInIndex = 0; path = "okui-tests-appletvsimulator-bundle.xctest"; sourceTree = BUILT_PRODUCTS_DIR; };
		0CBA33701C1F4FF40000D621 /* libc++.tbd */ = {isa = PBXFileReference; lastKnownFileType = "sourcecode.text-based-dylib-definition"; name = "libc++.tbd"; path = "Platforms/iPhoneOS.platform/Developer/SDKs/iPhoneOS9.2.sdk/usr/lib/libc++.tbd"; sourceTree = DEVELOPER_DIR; };
		0CBA33731C1F4FFF0000D621 /* libc++.tbd */ = {isa = PBXFileReference; lastKnownFileType = "sourcecode.text-based-dylib-definition"; name = "libc++.tbd"; path = "Platforms/AppleTVOS.platform/Developer/SDKs/AppleTVOS9.1.sdk/usr/lib/libc++.tbd"; sourceTree = DEVELOPER_DIR; };
		0CBA33761C1F50300000D621 /* main.m */ = {isa = PBXFileReference; lastKnownFileType = sourcecode.c.objc; name = main.m; path = "../scraps/dependencies/ci-tacklebox/gtest-xcode/ios-host/main.m"; sourceTree = "<group>"; };
		0CBA33871C1F51630000D621 /* Montserrat-regular.fnt */ = {isa = PBXFileReference; lastKnownFileType = text; name = "Montserrat-regular.fnt"; path = "tests/resources/Montserrat-regular.fnt"; sourceTree = "<group>"; };
		0CBA33881C1F51630000D621 /* Montserrat-regular.png */ = {isa = PBXFileReference; lastKnownFileType = image.png; name = "Montserrat-regular.png"; path = "tests/resources/Montserrat-regular.png"; sourceTree = "<group>"; };
		52B8EF5B1B55805800A0F1D5 /* include */ = {isa = PBXFileReference; lastKnownFileType = folder; path = include; sourceTree = "<group>"; };
		52B8EF5C1B55805800A0F1D5 /* src */ = {isa = PBXFileReference; lastKnownFileType = folder; path = src; sourceTree = "<group>"; };
		52B8EF5D1B55805800A0F1D5 /* tests */ = {isa = PBXFileReference; lastKnownFileType = folder; path = tests; sourceTree = "<group>"; };
/* End PBXFileReference section */

/* Begin PBXFrameworksBuildPhase section */
		0C5CA5001BED4D3B00F7800E /* Frameworks */ = {
			isa = PBXFrameworksBuildPhase;
			buildActionMask = 2147483647;
			files = (
				0C5CA53E1BED529800F7800E /* AudioUnit.framework in Frameworks */,
				0C5CA53D1BED51D400F7800E /* Carbon.framework in Frameworks */,
				0C5CA5321BED4F8F00F7800E /* Cocoa.framework in Frameworks */,
				0C5CA53B1BED511800F7800E /* ForceFeedback.framework in Frameworks */,
				0C5CA5301BED4F7000F7800E /* IOKit.framework in Frameworks */,
				0C5CA52E1BED4EDA00F7800E /* OpenGL.framework in Frameworks */,
				0C5CA50C1BED4D4900F7800E /* libc++.tbd in Frameworks */,
			);
			runOnlyForDeploymentPostprocessing = 0;
		};
		0CBA32D31C1F4F240000D621 /* Frameworks */ = {
			isa = PBXFrameworksBuildPhase;
			buildActionMask = 2147483647;
			files = (
				0CBA33711C1F4FF40000D621 /* libc++.tbd in Frameworks */,
			);
			runOnlyForDeploymentPostprocessing = 0;
		};
		0CBA32EE1C1F4F300000D621 /* Frameworks */ = {
			isa = PBXFrameworksBuildPhase;
			buildActionMask = 2147483647;
			files = (
				0CBA33721C1F4FF90000D621 /* libc++.tbd in Frameworks */,
			);
			runOnlyForDeploymentPostprocessing = 0;
		};
		0CBA33091C1F4F3E0000D621 /* Frameworks */ = {
			isa = PBXFrameworksBuildPhase;
			buildActionMask = 2147483647;
			files = (
				0CBA33741C1F4FFF0000D621 /* libc++.tbd in Frameworks */,
			);
			runOnlyForDeploymentPostprocessing = 0;
		};
		0CBA33211C1F4F480000D621 /* Frameworks */ = {
			isa = PBXFrameworksBuildPhase;
			buildActionMask = 2147483647;
			files = (
				0CBA33751C1F50040000D621 /* libc++.tbd in Frameworks */,
			);
			runOnlyForDeploymentPostprocessing = 0;
		};
		0CBA33391C1F4F610000D621 /* Frameworks */ = {
			isa = PBXFrameworksBuildPhase;
			buildActionMask = 2147483647;
			files = (
			);
			runOnlyForDeploymentPostprocessing = 0;
		};
		0CBA33471C1F4F6C0000D621 /* Frameworks */ = {
			isa = PBXFrameworksBuildPhase;
			buildActionMask = 2147483647;
			files = (
			);
			runOnlyForDeploymentPostprocessing = 0;
		};
		0CBA33551C1F4F790000D621 /* Frameworks */ = {
			isa = PBXFrameworksBuildPhase;
			buildActionMask = 2147483647;
			files = (
			);
			runOnlyForDeploymentPostprocessing = 0;
		};
		0CBA33631C1F4F830000D621 /* Frameworks */ = {
			isa = PBXFrameworksBuildPhase;
			buildActionMask = 2147483647;
			files = (
			);
			runOnlyForDeploymentPostprocessing = 0;
		};
/* End PBXFrameworksBuildPhase section */

/* Begin PBXGroup section */
		0C5CA4C81BED4C3E00F7800E /* Products */ = {
			isa = PBXGroup;
			children = (
				0C5CA5031BED4D3B00F7800E /* okui-tests-osx-bundle.xctest */,
				0CBA32D61C1F4F240000D621 /* okui-tests-iphoneos-host.app */,
				0CBA32F11C1F4F300000D621 /* okui-tests-iphonesimulator-host.app */,
				0CBA330C1C1F4F3E0000D621 /* okui-tests-appletvos-host.app */,
				0CBA33241C1F4F480000D621 /* okui-tests-appletvsimulator-host.app */,
				0CBA333C1C1F4F610000D621 /* okui-tests-iphoneos-bundle.xctest */,
				0CBA334A1C1F4F6C0000D621 /* okui-tests-iphonesimulator-bundle.xctest */,
				0CBA33581C1F4F790000D621 /* okui-tests-appletvos-bundle.xctest */,
				0CBA33661C1F4F830000D621 /* okui-tests-appletvsimulator-bundle.xctest */,
			);
			name = Products;
			sourceTree = "<group>";
		};
		0C5CA53F1BED52D700F7800E /* tests */ = {
			isa = PBXGroup;
			children = (
				0C2EAE101CB8148300A2A0EC /* tests.xcconfig */,
				0CBA33761C1F50300000D621 /* main.m */,
				0C5CA50D1BED4D6400F7800E /* GoogleTests.mm */,
				0CBA338B1C1F51670000D621 /* resources */,
				0C5CA5401BED52EF00F7800E /* frameworks */,
			);
			name = tests;
			sourceTree = "<group>";
		};
		0C5CA5401BED52EF00F7800E /* frameworks */ = {
			isa = PBXGroup;
			children = (
				0C5CA55A1BED54A600F7800E /* UIKit.framework */,
				0C5CA5581BED549900F7800E /* OpenGLES.framework */,
				0C5CA5541BED547300F7800E /* GameController.framework */,
				0C5CA5521BED546400F7800E /* AudioToolbox.framework */,
				0C5CA5431BED532400F7800E /* libc++.tbd */,
				0C5CA5411BED531E00F7800E /* libc++.tbd */,
				0C5CA50B1BED4D4900F7800E /* libc++.tbd */,
				0C5CA5451BED535500F7800E /* AudioToolbox.framework */,
				0C5CA5331BED502A00F7800E /* AudioToolbox.framework */,
				0C5CA5351BED503400F7800E /* AudioUnit.framework */,
				0C5CA53C1BED51D400F7800E /* Carbon.framework */,
				0C5CA5311BED4F8F00F7800E /* Cocoa.framework */,
				0C5CA5381BED504100F7800E /* CoreAudio.framework */,
				0C5CA5491BED537700F7800E /* CoreMedia.framework */,
				0C5CA54B1BED538E00F7800E /* CoreMotion.framework */,
				0C5CA53A1BED511800F7800E /* ForceFeedback.framework */,
				0C5CA5471BED536800F7800E /* GameController.framework */,
				0C5CA52F1BED4F7000F7800E /* IOKit.framework */,
				0C5CA52D1BED4EDA00F7800E /* OpenGL.framework */,
				0C5CA54D1BED539E00F7800E /* OpenGLES.framework */,
				0C5CA5501BED53CB00F7800E /* UIKit.framework */,
			);
			name = frameworks;
			sourceTree = "<group>";
		};
		0CBA338B1C1F51670000D621 /* resources */ = {
			isa = PBXGroup;
			children = (
				0CBA33871C1F51630000D621 /* Montserrat-regular.fnt */,
				0CBA33881C1F51630000D621 /* Montserrat-regular.png */,
			);
			name = resources;
			sourceTree = "<group>";
		};
		52B8EF4D1B557FC800A0F1D5 = {
			isa = PBXGroup;
			children = (
				0CBA33731C1F4FFF0000D621 /* libc++.tbd */,
				0CBA33701C1F4FF40000D621 /* libc++.tbd */,
				52B8EF5B1B55805800A0F1D5 /* include */,
				52B8EF5C1B55805800A0F1D5 /* src */,
				52B8EF5D1B55805800A0F1D5 /* tests */,
				0C5CA53F1BED52D700F7800E /* tests */,
				0C5CA4C81BED4C3E00F7800E /* Products */,
			);
			sourceTree = "<group>";
		};
/* End PBXGroup section */

/* Begin PBXLegacyTarget section */
		0C5CA4AF1BED4BB500F7800E /* okui-tests-macosx */ = {
			isa = PBXLegacyTarget;
			buildArgumentsString = "--target=okui/tests --platform=macosx --configuration=$(CONFIGURATION:rfc1034identifier:lower)";
			buildConfigurationList = 0C5CA4B01BED4BB500F7800E /* Build configuration list for PBXLegacyTarget "okui-tests-macosx" */;
			buildPhases = (
			);
			buildToolPath = ./build;
			buildWorkingDirectory = "$(PROJECT_DIR)/..";
			dependencies = (
			);
			name = "okui-tests-macosx";
			passBuildSettingsInEnvironment = 1;
			productName = "okui-tests-macosx";
		};
		0C5CA4B31BED4BC000F7800E /* okui-tests-iphoneos */ = {
			isa = PBXLegacyTarget;
			buildArgumentsString = "--target=okui/tests --platform=iphoneos --configuration=$(CONFIGURATION:rfc1034identifier:lower)";
			buildConfigurationList = 0C5CA4B41BED4BC000F7800E /* Build configuration list for PBXLegacyTarget "okui-tests-iphoneos" */;
			buildPhases = (
			);
			buildToolPath = ./build;
			buildWorkingDirectory = "$(PROJECT_DIR)/..";
			dependencies = (
			);
			name = "okui-tests-iphoneos";
			passBuildSettingsInEnvironment = 1;
			productName = "okui-tests-iphoneos";
		};
		0C5CA4B71BED4BCA00F7800E /* okui-tests-iphonesimulator */ = {
			isa = PBXLegacyTarget;
			buildArgumentsString = "--target=okui/tests --platform=iphonesimulator --configuration=$(CONFIGURATION:rfc1034identifier:lower)";
			buildConfigurationList = 0C5CA4B81BED4BCA00F7800E /* Build configuration list for PBXLegacyTarget "okui-tests-iphonesimulator" */;
			buildPhases = (
			);
			buildToolPath = ./build;
			buildWorkingDirectory = "$(PROJECT_DIR)/..";
			dependencies = (
			);
			name = "okui-tests-iphonesimulator";
			passBuildSettingsInEnvironment = 1;
			productName = "okui-tests-iphonesimulator";
		};
		0C5CA4BB1BED4BD300F7800E /* okui-tests-appletvos */ = {
			isa = PBXLegacyTarget;
			buildArgumentsString = "--target=okui/tests --platform=appletvos --configuration=$(CONFIGURATION:rfc1034identifier:lower)";
			buildConfigurationList = 0C5CA4BC1BED4BD300F7800E /* Build configuration list for PBXLegacyTarget "okui-tests-appletvos" */;
			buildPhases = (
			);
			buildToolPath = ./build;
			buildWorkingDirectory = "$(PROJECT_DIR)/..";
			dependencies = (
			);
			name = "okui-tests-appletvos";
			passBuildSettingsInEnvironment = 1;
			productName = "okui-tests-appletvos";
		};
		0C5CA4BF1BED4BDB00F7800E /* okui-tests-appletvsimulator */ = {
			isa = PBXLegacyTarget;
			buildArgumentsString = "--target=okui/tests --platform=appletvsimulator --configuration=$(CONFIGURATION:rfc1034identifier:lower)";
			buildConfigurationList = 0C5CA4C01BED4BDB00F7800E /* Build configuration list for PBXLegacyTarget "okui-tests-appletvsimulator" */;
			buildPhases = (
			);
			buildToolPath = ./build;
			buildWorkingDirectory = "$(PROJECT_DIR)/..";
			dependencies = (
			);
			name = "okui-tests-appletvsimulator";
			passBuildSettingsInEnvironment = 1;
			productName = "okui-tests-appletvsimulator";
		};
		52B8EF521B557FC800A0F1D5 /* okui */ = {
			isa = PBXLegacyTarget;
			buildArgumentsString = "--target=media --platform=$(PLATFORM_NAME) --configuration=$(CONFIGURATION:rfc1034identifier:lower) $(ACTION:rfc1034identifier:lower)";
			buildConfigurationList = 52B8EF551B557FC800A0F1D5 /* Build configuration list for PBXLegacyTarget "okui" */;
			buildPhases = (
			);
			buildToolPath = ./build;
			buildWorkingDirectory = "$(PROJECT_DIR)/..";
			dependencies = (
			);
			name = okui;
			passBuildSettingsInEnvironment = 1;
			productName = okui;
		};
/* End PBXLegacyTarget section */

/* Begin PBXNativeTarget section */
		0C5CA5021BED4D3B00F7800E /* okui-tests-osx-bundle */ = {
			isa = PBXNativeTarget;
			buildConfigurationList = 0C5CA5081BED4D3B00F7800E /* Build configuration list for PBXNativeTarget "okui-tests-osx-bundle" */;
			buildPhases = (
				0C5CA4FF1BED4D3B00F7800E /* Sources */,
				0C5CA5001BED4D3B00F7800E /* Frameworks */,
				0C5CA5011BED4D3B00F7800E /* Resources */,
			);
			buildRules = (
			);
			dependencies = (
			);
			name = "okui-tests-osx-bundle";
			productName = "okui-tests-osx-bundle";
			productReference = 0C5CA5031BED4D3B00F7800E /* okui-tests-osx-bundle.xctest */;
			productType = "com.apple.product-type.bundle.unit-test";
		};
		0CBA32D51C1F4F240000D621 /* okui-tests-iphoneos-host */ = {
			isa = PBXNativeTarget;
			buildConfigurationList = 0CBA32EA1C1F4F240000D621 /* Build configuration list for PBXNativeTarget "okui-tests-iphoneos-host" */;
			buildPhases = (
				0CBA32D21C1F4F240000D621 /* Sources */,
				0CBA32D31C1F4F240000D621 /* Frameworks */,
				0CBA32D41C1F4F240000D621 /* Resources */,
			);
			buildRules = (
			);
			dependencies = (
			);
			name = "okui-tests-iphoneos-host";
			productName = "okui-test-iphoneos-host";
			productReference = 0CBA32D61C1F4F240000D621 /* okui-tests-iphoneos-host.app */;
			productType = "com.apple.product-type.application";
		};
		0CBA32F01C1F4F300000D621 /* okui-tests-iphonesimulator-host */ = {
			isa = PBXNativeTarget;
			buildConfigurationList = 0CBA33051C1F4F300000D621 /* Build configuration list for PBXNativeTarget "okui-tests-iphonesimulator-host" */;
			buildPhases = (
				0CBA32ED1C1F4F300000D621 /* Sources */,
				0CBA32EE1C1F4F300000D621 /* Frameworks */,
				0CBA32EF1C1F4F300000D621 /* Resources */,
			);
			buildRules = (
			);
			dependencies = (
			);
			name = "okui-tests-iphonesimulator-host";
			productName = "okui-test-iphonesimulator-host";
			productReference = 0CBA32F11C1F4F300000D621 /* okui-tests-iphonesimulator-host.app */;
			productType = "com.apple.product-type.application";
		};
		0CBA330B1C1F4F3E0000D621 /* okui-tests-appletvos-host */ = {
			isa = PBXNativeTarget;
			buildConfigurationList = 0CBA331D1C1F4F3E0000D621 /* Build configuration list for PBXNativeTarget "okui-tests-appletvos-host" */;
			buildPhases = (
				0CBA33081C1F4F3E0000D621 /* Sources */,
				0CBA33091C1F4F3E0000D621 /* Frameworks */,
				0CBA330A1C1F4F3E0000D621 /* Resources */,
			);
			buildRules = (
			);
			dependencies = (
			);
			name = "okui-tests-appletvos-host";
			productName = "okui-test-appletvos-host";
			productReference = 0CBA330C1C1F4F3E0000D621 /* okui-tests-appletvos-host.app */;
			productType = "com.apple.product-type.application";
		};
		0CBA33231C1F4F480000D621 /* okui-tests-appletvsimulator-host */ = {
			isa = PBXNativeTarget;
			buildConfigurationList = 0CBA33351C1F4F480000D621 /* Build configuration list for PBXNativeTarget "okui-tests-appletvsimulator-host" */;
			buildPhases = (
				0CBA33201C1F4F480000D621 /* Sources */,
				0CBA33211C1F4F480000D621 /* Frameworks */,
				0CBA33221C1F4F480000D621 /* Resources */,
			);
			buildRules = (
			);
			dependencies = (
			);
			name = "okui-tests-appletvsimulator-host";
			productName = "okui-test-appletvsimulator-host";
			productReference = 0CBA33241C1F4F480000D621 /* okui-tests-appletvsimulator-host.app */;
			productType = "com.apple.product-type.application";
		};
		0CBA333B1C1F4F610000D621 /* okui-tests-iphoneos-bundle */ = {
			isa = PBXNativeTarget;
			buildConfigurationList = 0CBA33431C1F4F610000D621 /* Build configuration list for PBXNativeTarget "okui-tests-iphoneos-bundle" */;
			buildPhases = (
				0CBA33381C1F4F610000D621 /* Sources */,
				0CBA33391C1F4F610000D621 /* Frameworks */,
				0CBA333A1C1F4F610000D621 /* Resources */,
			);
			buildRules = (
			);
			dependencies = (
				0CBA33421C1F4F610000D621 /* PBXTargetDependency */,
				0CBA33801C1F50DB0000D621 /* PBXTargetDependency */,
			);
			name = "okui-tests-iphoneos-bundle";
			productName = "okui-test-iphoneos-bundle";
			productReference = 0CBA333C1C1F4F610000D621 /* okui-tests-iphoneos-bundle.xctest */;
			productType = "com.apple.product-type.bundle.unit-test";
		};
		0CBA33491C1F4F6C0000D621 /* okui-tests-iphonesimulator-bundle */ = {
			isa = PBXNativeTarget;
			buildConfigurationList = 0CBA33511C1F4F6C0000D621 /* Build configuration list for PBXNativeTarget "okui-tests-iphonesimulator-bundle" */;
			buildPhases = (
				0CBA33461C1F4F6C0000D621 /* Sources */,
				0CBA33471C1F4F6C0000D621 /* Frameworks */,
				0CBA33481C1F4F6C0000D621 /* Resources */,
			);
			buildRules = (
			);
			dependencies = (
				0CBA33501C1F4F6C0000D621 /* PBXTargetDependency */,
				0CBA33821C1F50DE0000D621 /* PBXTargetDependency */,
			);
			name = "okui-tests-iphonesimulator-bundle";
			productName = "okui-test-iphonesimulator-bundle";
			productReference = 0CBA334A1C1F4F6C0000D621 /* okui-tests-iphonesimulator-bundle.xctest */;
			productType = "com.apple.product-type.bundle.unit-test";
		};
		0CBA33571C1F4F790000D621 /* okui-tests-appletvos-bundle */ = {
			isa = PBXNativeTarget;
			buildConfigurationList = 0CBA335F1C1F4F790000D621 /* Build configuration list for PBXNativeTarget "okui-tests-appletvos-bundle" */;
			buildPhases = (
				0CBA33541C1F4F790000D621 /* Sources */,
				0CBA33551C1F4F790000D621 /* Frameworks */,
				0CBA33561C1F4F790000D621 /* Resources */,
			);
			buildRules = (
			);
			dependencies = (
				0CBA335E1C1F4F790000D621 /* PBXTargetDependency */,
				0CBA33841C1F50E10000D621 /* PBXTargetDependency */,
			);
			name = "okui-tests-appletvos-bundle";
			productName = "okui-test-appletvos-bundle";
			productReference = 0CBA33581C1F4F790000D621 /* okui-tests-appletvos-bundle.xctest */;
			productType = "com.apple.product-type.bundle.unit-test";
		};
		0CBA33651C1F4F830000D621 /* okui-tests-appletvsimulator-bundle */ = {
			isa = PBXNativeTarget;
			buildConfigurationList = 0CBA336D1C1F4F830000D621 /* Build configuration list for PBXNativeTarget "okui-tests-appletvsimulator-bundle" */;
			buildPhases = (
				0CBA33621C1F4F830000D621 /* Sources */,
				0CBA33631C1F4F830000D621 /* Frameworks */,
				0CBA33641C1F4F830000D621 /* Resources */,
			);
			buildRules = (
			);
			dependencies = (
				0CBA336C1C1F4F830000D621 /* PBXTargetDependency */,
				0CBA33861C1F50E40000D621 /* PBXTargetDependency */,
			);
			name = "okui-tests-appletvsimulator-bundle";
			productName = "okui-test-appletvsimulator-bundle";
			productReference = 0CBA33661C1F4F830000D621 /* okui-tests-appletvsimulator-bundle.xctest */;
			productType = "com.apple.product-type.bundle.unit-test";
		};
/* End PBXNativeTarget section */

/* Begin PBXProject section */
		52B8EF4E1B557FC800A0F1D5 /* Project object */ = {
			isa = PBXProject;
			attributes = {
				LastUpgradeCheck = 0710;
				ORGANIZATIONNAME = "BitTorrent, Inc.";
				TargetAttributes = {
					0C5CA4AF1BED4BB500F7800E = {
						CreatedOnToolsVersion = 7.1;
					};
					0C5CA4B31BED4BC000F7800E = {
						CreatedOnToolsVersion = 7.1;
					};
					0C5CA4B71BED4BCA00F7800E = {
						CreatedOnToolsVersion = 7.1;
					};
					0C5CA4BB1BED4BD300F7800E = {
						CreatedOnToolsVersion = 7.1;
					};
					0C5CA4BF1BED4BDB00F7800E = {
						CreatedOnToolsVersion = 7.1;
					};
					0C5CA5021BED4D3B00F7800E = {
						CreatedOnToolsVersion = 7.1;
					};
					0CBA32D51C1F4F240000D621 = {
						CreatedOnToolsVersion = 7.2;
					};
					0CBA32F01C1F4F300000D621 = {
						CreatedOnToolsVersion = 7.2;
					};
					0CBA330B1C1F4F3E0000D621 = {
						CreatedOnToolsVersion = 7.2;
					};
					0CBA33231C1F4F480000D621 = {
						CreatedOnToolsVersion = 7.2;
					};
					0CBA333B1C1F4F610000D621 = {
						CreatedOnToolsVersion = 7.2;
						TestTargetID = 0CBA32D51C1F4F240000D621;
					};
					0CBA33491C1F4F6C0000D621 = {
						CreatedOnToolsVersion = 7.2;
						TestTargetID = 0CBA32F01C1F4F300000D621;
					};
					0CBA33571C1F4F790000D621 = {
						CreatedOnToolsVersion = 7.2;
						TestTargetID = 0CBA330B1C1F4F3E0000D621;
					};
					0CBA33651C1F4F830000D621 = {
						CreatedOnToolsVersion = 7.2;
						TestTargetID = 0CBA33231C1F4F480000D621;
					};
					52B8EF521B557FC800A0F1D5 = {
						CreatedOnToolsVersion = 6.3.2;
					};
				};
			};
			buildConfigurationList = 52B8EF511B557FC800A0F1D5 /* Build configuration list for PBXProject "okui" */;
			compatibilityVersion = "Xcode 3.2";
			developmentRegion = English;
			hasScannedForEncodings = 0;
			knownRegions = (
				en,
				Base,
			);
			mainGroup = 52B8EF4D1B557FC800A0F1D5;
			productRefGroup = 0C5CA4C81BED4C3E00F7800E /* Products */;
			projectDirPath = "";
			projectRoot = "";
			targets = (
				52B8EF521B557FC800A0F1D5 /* okui */,
				0C5CA4AF1BED4BB500F7800E /* okui-tests-macosx */,
				0C5CA4B31BED4BC000F7800E /* okui-tests-iphoneos */,
				0C5CA4B71BED4BCA00F7800E /* okui-tests-iphonesimulator */,
				0C5CA4BB1BED4BD300F7800E /* okui-tests-appletvos */,
				0C5CA4BF1BED4BDB00F7800E /* okui-tests-appletvsimulator */,
				0C5CA5021BED4D3B00F7800E /* okui-tests-osx-bundle */,
				0CBA333B1C1F4F610000D621 /* okui-tests-iphoneos-bundle */,
				0CBA33491C1F4F6C0000D621 /* okui-tests-iphonesimulator-bundle */,
				0CBA33571C1F4F790000D621 /* okui-tests-appletvos-bundle */,
				0CBA33651C1F4F830000D621 /* okui-tests-appletvsimulator-bundle */,
				0CBA32D51C1F4F240000D621 /* okui-tests-iphoneos-host */,
				0CBA32F01C1F4F300000D621 /* okui-tests-iphonesimulator-host */,
				0CBA330B1C1F4F3E0000D621 /* okui-tests-appletvos-host */,
				0CBA33231C1F4F480000D621 /* okui-tests-appletvsimulator-host */,
			);
		};
/* End PBXProject section */

/* Begin PBXResourcesBuildPhase section */
		0C5CA5011BED4D3B00F7800E /* Resources */ = {
			isa = PBXResourcesBuildPhase;
			buildActionMask = 2147483647;
			files = (
			);
			runOnlyForDeploymentPostprocessing = 0;
		};
		0CBA32D41C1F4F240000D621 /* Resources */ = {
			isa = PBXResourcesBuildPhase;
			buildActionMask = 2147483647;
			files = (
				0CED10791CB8374300687D7A /* Montserrat-regular.fnt in Resources */,
				0CED107A1CB8374300687D7A /* Montserrat-regular.png in Resources */,
			);
			runOnlyForDeploymentPostprocessing = 0;
		};
		0CBA32EF1C1F4F300000D621 /* Resources */ = {
			isa = PBXResourcesBuildPhase;
			buildActionMask = 2147483647;
			files = (
			);
			runOnlyForDeploymentPostprocessing = 0;
		};
		0CBA330A1C1F4F3E0000D621 /* Resources */ = {
			isa = PBXResourcesBuildPhase;
			buildActionMask = 2147483647;
			files = (
				0CED107B1CB8377800687D7A /* Montserrat-regular.fnt in Resources */,
				0CED107C1CB8377800687D7A /* Montserrat-regular.png in Resources */,
			);
			runOnlyForDeploymentPostprocessing = 0;
		};
		0CBA33221C1F4F480000D621 /* Resources */ = {
			isa = PBXResourcesBuildPhase;
			buildActionMask = 2147483647;
			files = (
			);
			runOnlyForDeploymentPostprocessing = 0;
		};
		0CBA333A1C1F4F610000D621 /* Resources */ = {
			isa = PBXResourcesBuildPhase;
			buildActionMask = 2147483647;
			files = (
			);
			runOnlyForDeploymentPostprocessing = 0;
		};
		0CBA33481C1F4F6C0000D621 /* Resources */ = {
			isa = PBXResourcesBuildPhase;
			buildActionMask = 2147483647;
			files = (
			);
			runOnlyForDeploymentPostprocessing = 0;
		};
		0CBA33561C1F4F790000D621 /* Resources */ = {
			isa = PBXResourcesBuildPhase;
			buildActionMask = 2147483647;
			files = (
			);
			runOnlyForDeploymentPostprocessing = 0;
		};
		0CBA33641C1F4F830000D621 /* Resources */ = {
			isa = PBXResourcesBuildPhase;
			buildActionMask = 2147483647;
			files = (
			);
			runOnlyForDeploymentPostprocessing = 0;
		};
/* End PBXResourcesBuildPhase section */

/* Begin PBXSourcesBuildPhase section */
		0C5CA4FF1BED4D3B00F7800E /* Sources */ = {
			isa = PBXSourcesBuildPhase;
			buildActionMask = 2147483647;
			files = (
				0C5CA50E1BED4D6400F7800E /* GoogleTests.mm in Sources */,
			);
			runOnlyForDeploymentPostprocessing = 0;
		};
		0CBA32D21C1F4F240000D621 /* Sources */ = {
			isa = PBXSourcesBuildPhase;
			buildActionMask = 2147483647;
			files = (
				0CBA33771C1F50300000D621 /* main.m in Sources */,
			);
			runOnlyForDeploymentPostprocessing = 0;
		};
		0CBA32ED1C1F4F300000D621 /* Sources */ = {
			isa = PBXSourcesBuildPhase;
			buildActionMask = 2147483647;
			files = (
				0CBA33781C1F503F0000D621 /* main.m in Sources */,
			);
			runOnlyForDeploymentPostprocessing = 0;
		};
		0CBA33081C1F4F3E0000D621 /* Sources */ = {
			isa = PBXSourcesBuildPhase;
			buildActionMask = 2147483647;
			files = (
				0CBA33791C1F50510000D621 /* main.m in Sources */,
			);
			runOnlyForDeploymentPostprocessing = 0;
		};
		0CBA33201C1F4F480000D621 /* Sources */ = {
			isa = PBXSourcesBuildPhase;
			buildActionMask = 2147483647;
			files = (
				0CBA337A1C1F50AA0000D621 /* main.m in Sources */,
			);
			runOnlyForDeploymentPostprocessing = 0;
		};
		0CBA33381C1F4F610000D621 /* Sources */ = {
			isa = PBXSourcesBuildPhase;
			buildActionMask = 2147483647;
			files = (
				0CBA337B1C1F50B50000D621 /* GoogleTests.mm in Sources */,
			);
			runOnlyForDeploymentPostprocessing = 0;
		};
		0CBA33461C1F4F6C0000D621 /* Sources */ = {
			isa = PBXSourcesBuildPhase;
			buildActionMask = 2147483647;
			files = (
				0CBA337C1C1F50C70000D621 /* GoogleTests.mm in Sources */,
			);
			runOnlyForDeploymentPostprocessing = 0;
		};
		0CBA33541C1F4F790000D621 /* Sources */ = {
			isa = PBXSourcesBuildPhase;
			buildActionMask = 2147483647;
			files = (
				0CBA337D1C1F50CA0000D621 /* GoogleTests.mm in Sources */,
			);
			runOnlyForDeploymentPostprocessing = 0;
		};
		0CBA33621C1F4F830000D621 /* Sources */ = {
			isa = PBXSourcesBuildPhase;
			buildActionMask = 2147483647;
			files = (
				0CBA337E1C1F50CE0000D621 /* GoogleTests.mm in Sources */,
			);
			runOnlyForDeploymentPostprocessing = 0;
		};
/* End PBXSourcesBuildPhase section */

/* Begin PBXTargetDependency section */
		0CBA33421C1F4F610000D621 /* PBXTargetDependency */ = {
			isa = PBXTargetDependency;
			target = 0CBA32D51C1F4F240000D621 /* okui-tests-iphoneos-host */;
			targetProxy = 0CBA33411C1F4F610000D621 /* PBXContainerItemProxy */;
		};
		0CBA33501C1F4F6C0000D621 /* PBXTargetDependency */ = {
			isa = PBXTargetDependency;
			target = 0CBA32F01C1F4F300000D621 /* okui-tests-iphonesimulator-host */;
			targetProxy = 0CBA334F1C1F4F6C0000D621 /* PBXContainerItemProxy */;
		};
		0CBA335E1C1F4F790000D621 /* PBXTargetDependency */ = {
			isa = PBXTargetDependency;
			target = 0CBA330B1C1F4F3E0000D621 /* okui-tests-appletvos-host */;
			targetProxy = 0CBA335D1C1F4F790000D621 /* PBXContainerItemProxy */;
		};
		0CBA336C1C1F4F830000D621 /* PBXTargetDependency */ = {
			isa = PBXTargetDependency;
			target = 0CBA33231C1F4F480000D621 /* okui-tests-appletvsimulator-host */;
			targetProxy = 0CBA336B1C1F4F830000D621 /* PBXContainerItemProxy */;
		};
		0CBA33801C1F50DB0000D621 /* PBXTargetDependency */ = {
			isa = PBXTargetDependency;
			target = 0C5CA4B31BED4BC000F7800E /* okui-tests-iphoneos */;
			targetProxy = 0CBA337F1C1F50DB0000D621 /* PBXContainerItemProxy */;
		};
		0CBA33821C1F50DE0000D621 /* PBXTargetDependency */ = {
			isa = PBXTargetDependency;
			target = 0C5CA4B71BED4BCA00F7800E /* okui-tests-iphonesimulator */;
			targetProxy = 0CBA33811C1F50DE0000D621 /* PBXContainerItemProxy */;
		};
		0CBA33841C1F50E10000D621 /* PBXTargetDependency */ = {
			isa = PBXTargetDependency;
			target = 0C5CA4BB1BED4BD300F7800E /* okui-tests-appletvos */;
			targetProxy = 0CBA33831C1F50E10000D621 /* PBXContainerItemProxy */;
		};
		0CBA33861C1F50E40000D621 /* PBXTargetDependency */ = {
			isa = PBXTargetDependency;
			target = 0C5CA4BF1BED4BDB00F7800E /* okui-tests-appletvsimulator */;
			targetProxy = 0CBA33851C1F50E40000D621 /* PBXContainerItemProxy */;
		};
/* End PBXTargetDependency section */

/* Begin XCBuildConfiguration section */
		0C5CA4B11BED4BB500F7800E /* Debug */ = {
			isa = XCBuildConfiguration;
			buildSettings = {
				DEBUGGING_SYMBOLS = YES;
				DEBUG_INFORMATION_FORMAT = dwarf;
				ENABLE_TESTABILITY = YES;
				GCC_GENERATE_DEBUGGING_SYMBOLS = YES;
				GCC_OPTIMIZATION_LEVEL = 0;
				OTHER_CFLAGS = "";
				OTHER_LDFLAGS = "";
				PRODUCT_NAME = "$(TARGET_NAME)";
			};
			name = Debug;
		};
		0C5CA4B21BED4BB500F7800E /* Release */ = {
			isa = XCBuildConfiguration;
			buildSettings = {
				DEBUG_INFORMATION_FORMAT = "dwarf-with-dsym";
				OTHER_CFLAGS = "";
				OTHER_LDFLAGS = "";
				PRODUCT_NAME = "$(TARGET_NAME)";
			};
			name = Release;
		};
		0C5CA4B51BED4BC000F7800E /* Debug */ = {
			isa = XCBuildConfiguration;
			buildSettings = {
				DEBUGGING_SYMBOLS = YES;
				DEBUG_INFORMATION_FORMAT = dwarf;
				ENABLE_TESTABILITY = YES;
				GCC_GENERATE_DEBUGGING_SYMBOLS = YES;
				GCC_OPTIMIZATION_LEVEL = 0;
				OTHER_CFLAGS = "";
				OTHER_LDFLAGS = "";
				PRODUCT_NAME = "$(TARGET_NAME)";
			};
			name = Debug;
		};
		0C5CA4B61BED4BC000F7800E /* Release */ = {
			isa = XCBuildConfiguration;
			buildSettings = {
				DEBUG_INFORMATION_FORMAT = "dwarf-with-dsym";
				OTHER_CFLAGS = "";
				OTHER_LDFLAGS = "";
				PRODUCT_NAME = "$(TARGET_NAME)";
			};
			name = Release;
		};
		0C5CA4B91BED4BCA00F7800E /* Debug */ = {
			isa = XCBuildConfiguration;
			buildSettings = {
				DEBUGGING_SYMBOLS = YES;
				DEBUG_INFORMATION_FORMAT = dwarf;
				ENABLE_TESTABILITY = YES;
				GCC_GENERATE_DEBUGGING_SYMBOLS = YES;
				GCC_OPTIMIZATION_LEVEL = 0;
				OTHER_CFLAGS = "";
				OTHER_LDFLAGS = "";
				PRODUCT_NAME = "$(TARGET_NAME)";
			};
			name = Debug;
		};
		0C5CA4BA1BED4BCA00F7800E /* Release */ = {
			isa = XCBuildConfiguration;
			buildSettings = {
				DEBUG_INFORMATION_FORMAT = "dwarf-with-dsym";
				OTHER_CFLAGS = "";
				OTHER_LDFLAGS = "";
				PRODUCT_NAME = "$(TARGET_NAME)";
			};
			name = Release;
		};
		0C5CA4BD1BED4BD300F7800E /* Debug */ = {
			isa = XCBuildConfiguration;
			buildSettings = {
				DEBUGGING_SYMBOLS = YES;
				DEBUG_INFORMATION_FORMAT = dwarf;
				ENABLE_TESTABILITY = YES;
				GCC_GENERATE_DEBUGGING_SYMBOLS = YES;
				GCC_OPTIMIZATION_LEVEL = 0;
				OTHER_CFLAGS = "";
				OTHER_LDFLAGS = "";
				PRODUCT_NAME = "$(TARGET_NAME)";
			};
			name = Debug;
		};
		0C5CA4BE1BED4BD300F7800E /* Release */ = {
			isa = XCBuildConfiguration;
			buildSettings = {
				DEBUG_INFORMATION_FORMAT = "dwarf-with-dsym";
				OTHER_CFLAGS = "";
				OTHER_LDFLAGS = "";
				PRODUCT_NAME = "$(TARGET_NAME)";
			};
			name = Release;
		};
		0C5CA4C11BED4BDB00F7800E /* Debug */ = {
			isa = XCBuildConfiguration;
			buildSettings = {
				DEBUGGING_SYMBOLS = YES;
				DEBUG_INFORMATION_FORMAT = dwarf;
				ENABLE_TESTABILITY = YES;
				GCC_GENERATE_DEBUGGING_SYMBOLS = YES;
				GCC_OPTIMIZATION_LEVEL = 0;
				OTHER_CFLAGS = "";
				OTHER_LDFLAGS = "";
				PRODUCT_NAME = "$(TARGET_NAME)";
			};
			name = Debug;
		};
		0C5CA4C21BED4BDB00F7800E /* Release */ = {
			isa = XCBuildConfiguration;
			buildSettings = {
				DEBUG_INFORMATION_FORMAT = "dwarf-with-dsym";
				OTHER_CFLAGS = "";
				OTHER_LDFLAGS = "";
				PRODUCT_NAME = "$(TARGET_NAME)";
			};
			name = Release;
		};
		0C5CA5091BED4D3B00F7800E /* Debug */ = {
			isa = XCBuildConfiguration;
			buildSettings = {
				CODE_SIGN_IDENTITY = "-";
				COMBINE_HIDPI_IMAGES = YES;
				ENABLE_TESTABILITY = YES;
				INFOPLIST_FILE = "okui-tests-osx-bundle/Info.plist";
				LD_RUNPATH_SEARCH_PATHS = "$(inherited) @executable_path/../Frameworks @loader_path/../Frameworks";
				MACOSX_DEPLOYMENT_TARGET = 10.11;
				PRODUCT_BUNDLE_IDENTIFIER = "tv.watchonair.okui-tests-osx-bundle";
				PRODUCT_NAME = "$(TARGET_NAME)";
			};
			name = Debug;
		};
		0C5CA50A1BED4D3B00F7800E /* Release */ = {
			isa = XCBuildConfiguration;
			buildSettings = {
				CODE_SIGN_IDENTITY = "-";
				COMBINE_HIDPI_IMAGES = YES;
				INFOPLIST_FILE = "okui-tests-osx-bundle/Info.plist";
				LD_RUNPATH_SEARCH_PATHS = "$(inherited) @executable_path/../Frameworks @loader_path/../Frameworks";
				MACOSX_DEPLOYMENT_TARGET = 10.11;
				PRODUCT_BUNDLE_IDENTIFIER = "tv.watchonair.okui-tests-osx-bundle";
				PRODUCT_NAME = "$(TARGET_NAME)";
			};
			name = Release;
		};
		0CBA32EB1C1F4F240000D621 /* Debug */ = {
			isa = XCBuildConfiguration;
			buildSettings = {
				ASSETCATALOG_COMPILER_APPICON_NAME = AppIcon;
				ENABLE_BITCODE = NO;
				INFOPLIST_FILE = "$(PROJECT_DIR)/../scraps/dependencies/ci-tacklebox/gtest-xcode/ios-host/Info.plist";
				IPHONEOS_DEPLOYMENT_TARGET = 9.2;
				LD_RUNPATH_SEARCH_PATHS = "$(inherited) @executable_path/Frameworks";
				OTHER_LDFLAGS = (
					"$(inherited)",
					"-framework",
					UIKit,
					"-framework",
					OpenGLES,
					"-framework",
					GameController,
					"-framework",
					AudioToolbox,
					"-framework",
					CoreAudio,
					"-framework",
					CoreMedia,
					"-framework",
					CoreMotion,
					"-framework",
					GameController,
					"-framework",
					IOKit,
				);
				PRODUCT_BUNDLE_IDENTIFIER = "tv.watchonair.okui-test-iphoneos-host";
				PRODUCT_NAME = "$(TARGET_NAME)";
				SDKROOT = iphoneos;
				TARGETED_DEVICE_FAMILY = "1,2";
			};
			name = Debug;
		};
		0CBA32EC1C1F4F240000D621 /* Release */ = {
			isa = XCBuildConfiguration;
			buildSettings = {
				ASSETCATALOG_COMPILER_APPICON_NAME = AppIcon;
				ENABLE_BITCODE = NO;
				INFOPLIST_FILE = "$(PROJECT_DIR)/../scraps/dependencies/ci-tacklebox/gtest-xcode/ios-host/Info.plist";
				IPHONEOS_DEPLOYMENT_TARGET = 9.2;
				LD_RUNPATH_SEARCH_PATHS = "$(inherited) @executable_path/Frameworks";
				OTHER_LDFLAGS = (
					"$(inherited)",
					"-framework",
					UIKit,
					"-framework",
					OpenGLES,
					"-framework",
					GameController,
					"-framework",
					AudioToolbox,
					"-framework",
					CoreAudio,
					"-framework",
					CoreMedia,
					"-framework",
					CoreMotion,
					"-framework",
					GameController,
					"-framework",
					IOKit,
				);
				PRODUCT_BUNDLE_IDENTIFIER = "tv.watchonair.okui-test-iphoneos-host";
				PRODUCT_NAME = "$(TARGET_NAME)";
				SDKROOT = iphoneos;
				TARGETED_DEVICE_FAMILY = "1,2";
				VALIDATE_PRODUCT = YES;
			};
			name = Release;
		};
		0CBA33061C1F4F300000D621 /* Debug */ = {
			isa = XCBuildConfiguration;
			buildSettings = {
				ASSETCATALOG_COMPILER_APPICON_NAME = AppIcon;
				ENABLE_BITCODE = NO;
				INFOPLIST_FILE = "$(PROJECT_DIR)/../scraps/dependencies/ci-tacklebox/gtest-xcode/ios-host/Info.plist";
				IPHONEOS_DEPLOYMENT_TARGET = 9.2;
				LD_RUNPATH_SEARCH_PATHS = "$(inherited) @executable_path/Frameworks";
				OTHER_LDFLAGS = (
					"$(inherited)",
					"-framework",
					UIKit,
					"-framework",
					OpenGLES,
					"-framework",
					GameController,
					"-framework",
					AudioToolbox,
					"-framework",
					CoreAudio,
					"-framework",
					CoreMedia,
					"-framework",
					CoreMotion,
					"-framework",
					GameController,
					"-framework",
					IOKit,
				);
				PRODUCT_BUNDLE_IDENTIFIER = "tv.watchonair.okui-test-iphonesimulator-host";
				PRODUCT_NAME = "$(TARGET_NAME)";
				SDKROOT = iphoneos;
				TARGETED_DEVICE_FAMILY = "1,2";
			};
			name = Debug;
		};
		0CBA33071C1F4F300000D621 /* Release */ = {
			isa = XCBuildConfiguration;
			buildSettings = {
				ASSETCATALOG_COMPILER_APPICON_NAME = AppIcon;
				ENABLE_BITCODE = NO;
				INFOPLIST_FILE = "$(PROJECT_DIR)/../scraps/dependencies/ci-tacklebox/gtest-xcode/ios-host/Info.plist";
				IPHONEOS_DEPLOYMENT_TARGET = 9.2;
				LD_RUNPATH_SEARCH_PATHS = "$(inherited) @executable_path/Frameworks";
				OTHER_LDFLAGS = (
					"$(inherited)",
					"-framework",
					UIKit,
					"-framework",
					OpenGLES,
					"-framework",
					GameController,
					"-framework",
					AudioToolbox,
					"-framework",
					CoreAudio,
					"-framework",
					CoreMedia,
					"-framework",
					CoreMotion,
					"-framework",
					GameController,
					"-framework",
					IOKit,
				);
				PRODUCT_BUNDLE_IDENTIFIER = "tv.watchonair.okui-test-iphonesimulator-host";
				PRODUCT_NAME = "$(TARGET_NAME)";
				SDKROOT = iphoneos;
				TARGETED_DEVICE_FAMILY = "1,2";
				VALIDATE_PRODUCT = YES;
			};
			name = Release;
		};
		0CBA331E1C1F4F3E0000D621 /* Debug */ = {
			isa = XCBuildConfiguration;
			buildSettings = {
				ASSETCATALOG_COMPILER_APPICON_NAME = "App Icon & Top Shelf Image";
				ASSETCATALOG_COMPILER_LAUNCHIMAGE_NAME = LaunchImage;
				INFOPLIST_FILE = "$(PROJECT_DIR)/../scraps/dependencies/ci-tacklebox/gtest-xcode/tvos-host/Info.plist";
				LD_RUNPATH_SEARCH_PATHS = "$(inherited) @executable_path/Frameworks";
				OTHER_LDFLAGS = (
					"$(inherited)",
					"-framework",
					UIKit,
					"-framework",
					OpenGLES,
					"-framework",
					GameController,
					"-framework",
					AudioToolbox,
					"-framework",
					CoreAudio,
					"-framework",
					CoreMedia,
					"-framework",
					GameController,
				);
				PRODUCT_BUNDLE_IDENTIFIER = "tv.watchonair.okui-test-appletvos-host";
				PRODUCT_NAME = "$(TARGET_NAME)";
				SDKROOT = appletvos;
				TARGETED_DEVICE_FAMILY = 3;
				TVOS_DEPLOYMENT_TARGET = 9.1;
			};
			name = Debug;
		};
		0CBA331F1C1F4F3E0000D621 /* Release */ = {
			isa = XCBuildConfiguration;
			buildSettings = {
				ASSETCATALOG_COMPILER_APPICON_NAME = "App Icon & Top Shelf Image";
				ASSETCATALOG_COMPILER_LAUNCHIMAGE_NAME = LaunchImage;
				INFOPLIST_FILE = "$(PROJECT_DIR)/../scraps/dependencies/ci-tacklebox/gtest-xcode/tvos-host/Info.plist";
				LD_RUNPATH_SEARCH_PATHS = "$(inherited) @executable_path/Frameworks";
				OTHER_LDFLAGS = (
					"$(inherited)",
					"-framework",
					UIKit,
					"-framework",
					OpenGLES,
					"-framework",
					GameController,
					"-framework",
					AudioToolbox,
					"-framework",
					CoreAudio,
					"-framework",
					CoreMedia,
					"-framework",
					GameController,
				);
				PRODUCT_BUNDLE_IDENTIFIER = "tv.watchonair.okui-test-appletvos-host";
				PRODUCT_NAME = "$(TARGET_NAME)";
				SDKROOT = appletvos;
				TARGETED_DEVICE_FAMILY = 3;
				TVOS_DEPLOYMENT_TARGET = 9.1;
				VALIDATE_PRODUCT = YES;
			};
			name = Release;
		};
		0CBA33361C1F4F480000D621 /* Debug */ = {
			isa = XCBuildConfiguration;
			buildSettings = {
				ASSETCATALOG_COMPILER_APPICON_NAME = "App Icon & Top Shelf Image";
				ASSETCATALOG_COMPILER_LAUNCHIMAGE_NAME = LaunchImage;
				INFOPLIST_FILE = "$(PROJECT_DIR)/../scraps/dependencies/ci-tacklebox/gtest-xcode/tvos-host/Info.plist";
				LD_RUNPATH_SEARCH_PATHS = "$(inherited) @executable_path/Frameworks";
				PRODUCT_BUNDLE_IDENTIFIER = "tv.watchonair.okui-test-appletvsimulator-host";
				PRODUCT_NAME = "$(TARGET_NAME)";
				SDKROOT = appletvos;
				TARGETED_DEVICE_FAMILY = 3;
				TVOS_DEPLOYMENT_TARGET = 9.1;
			};
			name = Debug;
		};
		0CBA33371C1F4F480000D621 /* Release */ = {
			isa = XCBuildConfiguration;
			buildSettings = {
				ASSETCATALOG_COMPILER_APPICON_NAME = "App Icon & Top Shelf Image";
				ASSETCATALOG_COMPILER_LAUNCHIMAGE_NAME = LaunchImage;
				INFOPLIST_FILE = "$(PROJECT_DIR)/../scraps/dependencies/ci-tacklebox/gtest-xcode/tvos-host/Info.plist";
				LD_RUNPATH_SEARCH_PATHS = "$(inherited) @executable_path/Frameworks";
				PRODUCT_BUNDLE_IDENTIFIER = "tv.watchonair.okui-test-appletvsimulator-host";
				PRODUCT_NAME = "$(TARGET_NAME)";
				SDKROOT = appletvos;
				TARGETED_DEVICE_FAMILY = 3;
				TVOS_DEPLOYMENT_TARGET = 9.1;
				VALIDATE_PRODUCT = YES;
			};
			name = Release;
		};
		0CBA33441C1F4F610000D621 /* Debug */ = {
			isa = XCBuildConfiguration;
			buildSettings = {
				BUNDLE_LOADER = "$(TEST_HOST)";
				INFOPLIST_FILE = "$(PROJECT_DIR)/../scraps/dependencies/ci-tacklebox/gtest-xcode/ios-bundle/Info.plist";
				IPHONEOS_DEPLOYMENT_TARGET = 9.2;
				LD_RUNPATH_SEARCH_PATHS = "$(inherited) @executable_path/Frameworks @loader_path/Frameworks";
				OTHER_LDFLAGS = (
					"$(inherited)",
					"-framework",
					UIKit,
					"-framework",
					OpenGLES,
					"-framework",
					GameController,
					"-framework",
					AudioToolbox,
					"-framework",
					CoreAudio,
					"-framework",
					CoreMedia,
					"-framework",
					CoreMotion,
					"-framework",
					GameController,
					"-framework",
					IOKit,
				);
				PRODUCT_BUNDLE_IDENTIFIER = "tv.watchonair.okui-tests-iphoneos-bundle";
				PRODUCT_NAME = "$(TARGET_NAME)";
				SDKROOT = iphoneos;
				TEST_HOST = "$(BUILT_PRODUCTS_DIR)/okui-tests-iphoneos-host.app/okui-tests-iphoneos-host";
			};
			name = Debug;
		};
		0CBA33451C1F4F610000D621 /* Release */ = {
			isa = XCBuildConfiguration;
			buildSettings = {
				BUNDLE_LOADER = "$(TEST_HOST)";
				INFOPLIST_FILE = "$(PROJECT_DIR)/../scraps/dependencies/ci-tacklebox/gtest-xcode/ios-bundle/Info.plist";
				IPHONEOS_DEPLOYMENT_TARGET = 9.2;
				LD_RUNPATH_SEARCH_PATHS = "$(inherited) @executable_path/Frameworks @loader_path/Frameworks";
				OTHER_LDFLAGS = (
					"$(inherited)",
					"-framework",
					UIKit,
					"-framework",
					OpenGLES,
					"-framework",
					GameController,
					"-framework",
					AudioToolbox,
					"-framework",
					CoreAudio,
					"-framework",
					CoreMedia,
					"-framework",
					CoreMotion,
					"-framework",
					GameController,
					"-framework",
					IOKit,
				);
				PRODUCT_BUNDLE_IDENTIFIER = "tv.watchonair.okui-tests-iphoneos-bundle";
				PRODUCT_NAME = "$(TARGET_NAME)";
				SDKROOT = iphoneos;
				TEST_HOST = "$(BUILT_PRODUCTS_DIR)/okui-tests-iphoneos-host.app/okui-tests-iphoneos-host";
				VALIDATE_PRODUCT = YES;
			};
			name = Release;
		};
		0CBA33521C1F4F6C0000D621 /* Debug */ = {
			isa = XCBuildConfiguration;
			buildSettings = {
				BUNDLE_LOADER = "$(TEST_HOST)";
				INFOPLIST_FILE = "$(PROJECT_DIR)/../scraps/dependencies/ci-tacklebox/gtest-xcode/ios-bundle/Info.plist";
				IPHONEOS_DEPLOYMENT_TARGET = 9.2;
				LD_RUNPATH_SEARCH_PATHS = "$(inherited) @executable_path/Frameworks @loader_path/Frameworks";
				OTHER_LDFLAGS = (
					"$(inherited)",
					"-framework",
					UIKit,
					"-framework",
					OpenGLES,
					"-framework",
					GameController,
					"-framework",
					AudioToolbox,
					"-framework",
					CoreAudio,
					"-framework",
					CoreMedia,
					"-framework",
					CoreMotion,
					"-framework",
					GameController,
					"-framework",
					IOKit,
				);
				PRODUCT_BUNDLE_IDENTIFIER = "tv.watchonair.okui-tests-iphonesimulator-bundle";
				PRODUCT_NAME = "$(TARGET_NAME)";
				SDKROOT = iphoneos;
				TEST_HOST = "$(BUILT_PRODUCTS_DIR)/okui-tests-iphonesimulator-host.app/okui-tests-iphonesimulator-host";
			};
			name = Debug;
		};
		0CBA33531C1F4F6C0000D621 /* Release */ = {
			isa = XCBuildConfiguration;
			buildSettings = {
				BUNDLE_LOADER = "$(TEST_HOST)";
				INFOPLIST_FILE = "$(PROJECT_DIR)/../scraps/dependencies/ci-tacklebox/gtest-xcode/ios-bundle/Info.plist";
				IPHONEOS_DEPLOYMENT_TARGET = 9.2;
				LD_RUNPATH_SEARCH_PATHS = "$(inherited) @executable_path/Frameworks @loader_path/Frameworks";
				OTHER_LDFLAGS = (
					"$(inherited)",
					"-framework",
					UIKit,
					"-framework",
					OpenGLES,
					"-framework",
					GameController,
					"-framework",
					AudioToolbox,
					"-framework",
					CoreAudio,
					"-framework",
					CoreMedia,
					"-framework",
					CoreMotion,
					"-framework",
					GameController,
					"-framework",
					IOKit,
				);
				PRODUCT_BUNDLE_IDENTIFIER = "tv.watchonair.okui-tests-iphonesimulator-bundle";
				PRODUCT_NAME = "$(TARGET_NAME)";
				SDKROOT = iphoneos;
				TEST_HOST = "$(BUILT_PRODUCTS_DIR)/okui-tests-iphonesimulator-host.app/okui-tests-iphonesimulator-host";
				VALIDATE_PRODUCT = YES;
			};
			name = Release;
		};
		0CBA33601C1F4F790000D621 /* Debug */ = {
			isa = XCBuildConfiguration;
			buildSettings = {
				BUNDLE_LOADER = "$(TEST_HOST)";
				INFOPLIST_FILE = "$(PROJECT_DIR)/../scraps/dependencies/ci-tacklebox/gtest-xcode/tvos-bundle/Info.plist";
				LD_RUNPATH_SEARCH_PATHS = "$(inherited) @executable_path/Frameworks @loader_path/Frameworks";
				OTHER_LDFLAGS = (
					"$(inherited)",
					"-framework",
					UIKit,
					"-framework",
					OpenGLES,
					"-framework",
					GameController,
					"-framework",
					AudioToolbox,
					"-framework",
					CoreAudio,
					"-framework",
					CoreMedia,
					"-framework",
					GameController,
				);
				PRODUCT_BUNDLE_IDENTIFIER = "tv.watchonair.okui-tests-appletvos-bundle";
				PRODUCT_NAME = "$(TARGET_NAME)";
				SDKROOT = appletvos;
				TEST_HOST = "$(BUILT_PRODUCTS_DIR)/okui-tests-appletvos-host.app/okui-tests-appletvos-host";
				TVOS_DEPLOYMENT_TARGET = 9.1;
			};
			name = Debug;
		};
		0CBA33611C1F4F790000D621 /* Release */ = {
			isa = XCBuildConfiguration;
			buildSettings = {
				BUNDLE_LOADER = "$(TEST_HOST)";
				INFOPLIST_FILE = "$(PROJECT_DIR)/../scraps/dependencies/ci-tacklebox/gtest-xcode/tvos-bundle/Info.plist";
				LD_RUNPATH_SEARCH_PATHS = "$(inherited) @executable_path/Frameworks @loader_path/Frameworks";
				OTHER_LDFLAGS = (
					"$(inherited)",
					"-framework",
					UIKit,
					"-framework",
					OpenGLES,
					"-framework",
					GameController,
					"-framework",
					AudioToolbox,
					"-framework",
					CoreAudio,
					"-framework",
					CoreMedia,
					"-framework",
					GameController,
				);
				PRODUCT_BUNDLE_IDENTIFIER = "tv.watchonair.okui-tests-appletvos-bundle";
				PRODUCT_NAME = "$(TARGET_NAME)";
				SDKROOT = appletvos;
				TEST_HOST = "$(BUILT_PRODUCTS_DIR)/okui-tests-appletvos-host.app/okui-tests-appletvos-host";
				TVOS_DEPLOYMENT_TARGET = 9.1;
				VALIDATE_PRODUCT = YES;
			};
			name = Release;
		};
		0CBA336E1C1F4F830000D621 /* Debug */ = {
			isa = XCBuildConfiguration;
			buildSettings = {
				BUNDLE_LOADER = "$(TEST_HOST)";
				INFOPLIST_FILE = "$(PROJECT_DIR)/../scraps/dependencies/ci-tacklebox/gtest-xcode/tvos-bundle/Info.plist";
				LD_RUNPATH_SEARCH_PATHS = "$(inherited) @executable_path/Frameworks @loader_path/Frameworks";
				OTHER_LDFLAGS = (
					"$(inherited)",
					"-framework",
					UIKit,
					"-framework",
					OpenGLES,
					"-framework",
					GameController,
					"-framework",
					AudioToolbox,
					"-framework",
					CoreAudio,
					"-framework",
					CoreMedia,
					"-framework",
					GameController,
				);
				PRODUCT_BUNDLE_IDENTIFIER = "tv.watchonair.okui-tests-appletvsimulator-bundle";
				PRODUCT_NAME = "$(TARGET_NAME)";
				SDKROOT = appletvos;
				TEST_HOST = "$(BUILT_PRODUCTS_DIR)/okui-tests-appletvsimulator-host.app/okui-tests-appletvsimulator-host";
				TVOS_DEPLOYMENT_TARGET = 9.1;
			};
			name = Debug;
		};
		0CBA336F1C1F4F830000D621 /* Release */ = {
			isa = XCBuildConfiguration;
			buildSettings = {
				BUNDLE_LOADER = "$(TEST_HOST)";
				INFOPLIST_FILE = "$(PROJECT_DIR)/../scraps/dependencies/ci-tacklebox/gtest-xcode/tvos-bundle/Info.plist";
				LD_RUNPATH_SEARCH_PATHS = "$(inherited) @executable_path/Frameworks @loader_path/Frameworks";
				OTHER_LDFLAGS = (
					"$(inherited)",
					"-framework",
					UIKit,
					"-framework",
					OpenGLES,
					"-framework",
					GameController,
					"-framework",
					AudioToolbox,
					"-framework",
					CoreAudio,
					"-framework",
					CoreMedia,
					"-framework",
					GameController,
				);
				PRODUCT_BUNDLE_IDENTIFIER = "tv.watchonair.okui-tests-appletvsimulator-bundle";
				PRODUCT_NAME = "$(TARGET_NAME)";
				SDKROOT = appletvos;
				TEST_HOST = "$(BUILT_PRODUCTS_DIR)/okui-tests-appletvsimulator-host.app/okui-tests-appletvsimulator-host";
				TVOS_DEPLOYMENT_TARGET = 9.1;
				VALIDATE_PRODUCT = YES;
			};
			name = Release;
		};
		52B8EF531B557FC800A0F1D5 /* Debug */ = {
			isa = XCBuildConfiguration;
			baseConfigurationReference = 0C2EAE101CB8148300A2A0EC /* tests.xcconfig */;
			buildSettings = {
				ALWAYS_SEARCH_USER_PATHS = NO;
				CLANG_CXX_LANGUAGE_STANDARD = "gnu++0x";
				CLANG_CXX_LIBRARY = "libc++";
				CLANG_ENABLE_MODULES = YES;
				CLANG_ENABLE_OBJC_ARC = YES;
				CLANG_WARN_BOOL_CONVERSION = YES;
				CLANG_WARN_CONSTANT_CONVERSION = YES;
				CLANG_WARN_DIRECT_OBJC_ISA_USAGE = YES_ERROR;
				CLANG_WARN_EMPTY_BODY = YES;
				CLANG_WARN_ENUM_CONVERSION = YES;
				CLANG_WARN_INT_CONVERSION = YES;
				CLANG_WARN_OBJC_ROOT_CLASS = YES_ERROR;
				CLANG_WARN_UNREACHABLE_CODE = YES;
				CLANG_WARN__DUPLICATE_METHOD_MATCH = YES;
				COPY_PHASE_STRIP = NO;
				DEBUG_INFORMATION_FORMAT = dwarf;
				ENABLE_STRICT_OBJC_MSGSEND = YES;
				ENABLE_TESTABILITY = YES;
				GCC_C_LANGUAGE_STANDARD = gnu99;
				GCC_DYNAMIC_NO_PIC = NO;
				GCC_NO_COMMON_BLOCKS = YES;
				GCC_OPTIMIZATION_LEVEL = 0;
				GCC_PREPROCESSOR_DEFINITIONS = (
					"DEBUG=1",
					"$(inherited)",
				);
				GCC_SYMBOLS_PRIVATE_EXTERN = NO;
				GCC_WARN_64_TO_32_BIT_CONVERSION = YES;
				GCC_WARN_ABOUT_RETURN_TYPE = YES_ERROR;
				GCC_WARN_UNDECLARED_SELECTOR = YES;
				GCC_WARN_UNINITIALIZED_AUTOS = YES_AGGRESSIVE;
				GCC_WARN_UNUSED_FUNCTION = YES;
				GCC_WARN_UNUSED_VARIABLE = YES;
				MACOSX_DEPLOYMENT_TARGET = 10.10;
				MTL_ENABLE_DEBUG_INFO = YES;
				ONLY_ACTIVE_ARCH = YES;
				OTHER_LDFLAGS = (
					"$(inherited)",
					"-Wl,-force_load,$(PROJECT_DIR)/tests/bin/xcode/$(PLATFORM_NAME)/$(CONFIGURATION:rfc1034identifier:lower)/libokui-gtests.a",
					"$(PROJECT_DIR)/bin/xcode/$(PLATFORM_NAME)/$(CONFIGURATION:rfc1034identifier:lower)/libokui.a",
					"$(PROJECT_DIR)/../bin/$(PLATFORM_NAME)/$(CONFIGURATION:rfc1034identifier:lower)/libthird-party.a",
					"-liconv",
					"-lz",
					"-framework",
					Foundation,
					"-framework",
					CoreGraphics,
					"-framework",
					CoreAudio,
					"-framework",
					CoreVideo,
				);
				SDKROOT = macosx;
			};
			name = Debug;
		};
		52B8EF541B557FC800A0F1D5 /* Release */ = {
			isa = XCBuildConfiguration;
			baseConfigurationReference = 0C2EAE101CB8148300A2A0EC /* tests.xcconfig */;
			buildSettings = {
				ALWAYS_SEARCH_USER_PATHS = NO;
				CLANG_CXX_LANGUAGE_STANDARD = "gnu++0x";
				CLANG_CXX_LIBRARY = "libc++";
				CLANG_ENABLE_MODULES = YES;
				CLANG_ENABLE_OBJC_ARC = YES;
				CLANG_WARN_BOOL_CONVERSION = YES;
				CLANG_WARN_CONSTANT_CONVERSION = YES;
				CLANG_WARN_DIRECT_OBJC_ISA_USAGE = YES_ERROR;
				CLANG_WARN_EMPTY_BODY = YES;
				CLANG_WARN_ENUM_CONVERSION = YES;
				CLANG_WARN_INT_CONVERSION = YES;
				CLANG_WARN_OBJC_ROOT_CLASS = YES_ERROR;
				CLANG_WARN_UNREACHABLE_CODE = YES;
				CLANG_WARN__DUPLICATE_METHOD_MATCH = YES;
				COPY_PHASE_STRIP = NO;
				DEBUG_INFORMATION_FORMAT = "dwarf-with-dsym";
				ENABLE_NS_ASSERTIONS = NO;
				ENABLE_STRICT_OBJC_MSGSEND = YES;
				GCC_C_LANGUAGE_STANDARD = gnu99;
				GCC_NO_COMMON_BLOCKS = YES;
				GCC_WARN_64_TO_32_BIT_CONVERSION = YES;
				GCC_WARN_ABOUT_RETURN_TYPE = YES_ERROR;
				GCC_WARN_UNDECLARED_SELECTOR = YES;
				GCC_WARN_UNINITIALIZED_AUTOS = YES_AGGRESSIVE;
				GCC_WARN_UNUSED_FUNCTION = YES;
				GCC_WARN_UNUSED_VARIABLE = YES;
				MACOSX_DEPLOYMENT_TARGET = 10.10;
				MTL_ENABLE_DEBUG_INFO = NO;
				OTHER_LDFLAGS = (
					"$(inherited)",
					"-Wl,-force_load,$(PROJECT_DIR)/tests/bin/xcode/$(PLATFORM_NAME)/$(CONFIGURATION:rfc1034identifier:lower)/libokui-gtests.a",
					"$(PROJECT_DIR)/bin/xcode/$(PLATFORM_NAME)/$(CONFIGURATION:rfc1034identifier:lower)/libokui.a",
					"$(PROJECT_DIR)/../bin/$(PLATFORM_NAME)/$(CONFIGURATION:rfc1034identifier:lower)/libthird-party.a",
					"-liconv",
					"-lz",
					"-framework",
					Foundation,
					"-framework",
					CoreGraphics,
					"-framework",
					CoreAudio,
					"-framework",
					CoreVideo,
				);
				SDKROOT = macosx;
			};
			name = Release;
		};
		52B8EF561B557FC800A0F1D5 /* Debug */ = {
			isa = XCBuildConfiguration;
			buildSettings = {
				DEBUGGING_SYMBOLS = YES;
				GCC_GENERATE_DEBUGGING_SYMBOLS = YES;
				GCC_OPTIMIZATION_LEVEL = 0;
				OTHER_CFLAGS = "";
				OTHER_LDFLAGS = "";
				PRODUCT_NAME = "$(TARGET_NAME)";
			};
			name = Debug;
		};
		52B8EF571B557FC800A0F1D5 /* Release */ = {
			isa = XCBuildConfiguration;
			buildSettings = {
				OTHER_CFLAGS = "";
				OTHER_LDFLAGS = "";
				PRODUCT_NAME = "$(TARGET_NAME)";
			};
			name = Release;
		};
/* End XCBuildConfiguration section */

/* Begin XCConfigurationList section */
		0C5CA4B01BED4BB500F7800E /* Build configuration list for PBXLegacyTarget "okui-tests-macosx" */ = {
			isa = XCConfigurationList;
			buildConfigurations = (
				0C5CA4B11BED4BB500F7800E /* Debug */,
				0C5CA4B21BED4BB500F7800E /* Release */,
			);
			defaultConfigurationIsVisible = 0;
			defaultConfigurationName = Release;
		};
		0C5CA4B41BED4BC000F7800E /* Build configuration list for PBXLegacyTarget "okui-tests-iphoneos" */ = {
			isa = XCConfigurationList;
			buildConfigurations = (
				0C5CA4B51BED4BC000F7800E /* Debug */,
				0C5CA4B61BED4BC000F7800E /* Release */,
			);
			defaultConfigurationIsVisible = 0;
			defaultConfigurationName = Release;
		};
		0C5CA4B81BED4BCA00F7800E /* Build configuration list for PBXLegacyTarget "okui-tests-iphonesimulator" */ = {
			isa = XCConfigurationList;
			buildConfigurations = (
				0C5CA4B91BED4BCA00F7800E /* Debug */,
				0C5CA4BA1BED4BCA00F7800E /* Release */,
			);
			defaultConfigurationIsVisible = 0;
			defaultConfigurationName = Release;
		};
		0C5CA4BC1BED4BD300F7800E /* Build configuration list for PBXLegacyTarget "okui-tests-appletvos" */ = {
			isa = XCConfigurationList;
			buildConfigurations = (
				0C5CA4BD1BED4BD300F7800E /* Debug */,
				0C5CA4BE1BED4BD300F7800E /* Release */,
			);
			defaultConfigurationIsVisible = 0;
			defaultConfigurationName = Release;
		};
		0C5CA4C01BED4BDB00F7800E /* Build configuration list for PBXLegacyTarget "okui-tests-appletvsimulator" */ = {
			isa = XCConfigurationList;
			buildConfigurations = (
				0C5CA4C11BED4BDB00F7800E /* Debug */,
				0C5CA4C21BED4BDB00F7800E /* Release */,
			);
			defaultConfigurationIsVisible = 0;
			defaultConfigurationName = Release;
		};
		0C5CA5081BED4D3B00F7800E /* Build configuration list for PBXNativeTarget "okui-tests-osx-bundle" */ = {
			isa = XCConfigurationList;
			buildConfigurations = (
				0C5CA5091BED4D3B00F7800E /* Debug */,
				0C5CA50A1BED4D3B00F7800E /* Release */,
			);
			defaultConfigurationIsVisible = 0;
			defaultConfigurationName = Release;
		};
		0CBA32EA1C1F4F240000D621 /* Build configuration list for PBXNativeTarget "okui-tests-iphoneos-host" */ = {
			isa = XCConfigurationList;
			buildConfigurations = (
				0CBA32EB1C1F4F240000D621 /* Debug */,
				0CBA32EC1C1F4F240000D621 /* Release */,
			);
			defaultConfigurationIsVisible = 0;
			defaultConfigurationName = Release;
		};
		0CBA33051C1F4F300000D621 /* Build configuration list for PBXNativeTarget "okui-tests-iphonesimulator-host" */ = {
			isa = XCConfigurationList;
			buildConfigurations = (
				0CBA33061C1F4F300000D621 /* Debug */,
				0CBA33071C1F4F300000D621 /* Release */,
			);
			defaultConfigurationIsVisible = 0;
			defaultConfigurationName = Release;
		};
		0CBA331D1C1F4F3E0000D621 /* Build configuration list for PBXNativeTarget "okui-tests-appletvos-host" */ = {
			isa = XCConfigurationList;
			buildConfigurations = (
				0CBA331E1C1F4F3E0000D621 /* Debug */,
				0CBA331F1C1F4F3E0000D621 /* Release */,
			);
			defaultConfigurationIsVisible = 0;
			defaultConfigurationName = Release;
		};
		0CBA33351C1F4F480000D621 /* Build configuration list for PBXNativeTarget "okui-tests-appletvsimulator-host" */ = {
			isa = XCConfigurationList;
			buildConfigurations = (
				0CBA33361C1F4F480000D621 /* Debug */,
				0CBA33371C1F4F480000D621 /* Release */,
			);
			defaultConfigurationIsVisible = 0;
			defaultConfigurationName = Release;
		};
		0CBA33431C1F4F610000D621 /* Build configuration list for PBXNativeTarget "okui-tests-iphoneos-bundle" */ = {
			isa = XCConfigurationList;
			buildConfigurations = (
				0CBA33441C1F4F610000D621 /* Debug */,
				0CBA33451C1F4F610000D621 /* Release */,
			);
			defaultConfigurationIsVisible = 0;
			defaultConfigurationName = Release;
		};
		0CBA33511C1F4F6C0000D621 /* Build configuration list for PBXNativeTarget "okui-tests-iphonesimulator-bundle" */ = {
			isa = XCConfigurationList;
			buildConfigurations = (
				0CBA33521C1F4F6C0000D621 /* Debug */,
				0CBA33531C1F4F6C0000D621 /* Release */,
			);
			defaultConfigurationIsVisible = 0;
			defaultConfigurationName = Release;
		};
		0CBA335F1C1F4F790000D621 /* Build configuration list for PBXNativeTarget "okui-tests-appletvos-bundle" */ = {
			isa = XCConfigurationList;
			buildConfigurations = (
				0CBA33601C1F4F790000D621 /* Debug */,
				0CBA33611C1F4F790000D621 /* Release */,
			);
			defaultConfigurationIsVisible = 0;
			defaultConfigurationName = Release;
		};
		0CBA336D1C1F4F830000D621 /* Build configuration list for PBXNativeTarget "okui-tests-appletvsimulator-bundle" */ = {
			isa = XCConfigurationList;
			buildConfigurations = (
				0CBA336E1C1F4F830000D621 /* Debug */,
				0CBA336F1C1F4F830000D621 /* Release */,
			);
			defaultConfigurationIsVisible = 0;
			defaultConfigurationName = Release;
		};
		52B8EF511B557FC800A0F1D5 /* Build configuration list for PBXProject "okui" */ = {
			isa = XCConfigurationList;
			buildConfigurations = (
				52B8EF531B557FC800A0F1D5 /* Debug */,
				52B8EF541B557FC800A0F1D5 /* Release */,
			);
			defaultConfigurationIsVisible = 0;
			defaultConfigurationName = Release;
		};
		52B8EF551B557FC800A0F1D5 /* Build configuration list for PBXLegacyTarget "okui" */ = {
			isa = XCConfigurationList;
			buildConfigurations = (
				52B8EF561B557FC800A0F1D5 /* Debug */,
				52B8EF571B557FC800A0F1D5 /* Release */,
			);
			defaultConfigurationIsVisible = 0;
			defaultConfigurationName = Release;
		};
/* End XCConfigurationList section */
	};
	rootObject = 52B8EF4E1B557FC800A0F1D5 /* Project object */;
}
